
Microsoft Visual Studio Solution File, Format Version 12.00
# Visual Studio Version 16
VisualStudioVersion = 16.0.29215.179
MinimumVisualStudioVersion = 10.0.40219.1
Project("{FAE04EC0-301F-11D3-BF4B-00C04F79EFBC}") = "SIM_Lubricentro", "SIM_Lubricentro.csproj", "{0921BAE9-F0B5-4B20-A700-D8A32D35A567}"
EndProject
Global
	GlobalSection(SolutionConfigurationPlatforms) = preSolution
		Debug|Any CPU = Debug|Any CPU
		Release|Any CPU = Release|Any CPU
	EndGlobalSection
	GlobalSection(ProjectConfigurationPlatforms) = postSolution
		{0921BAE9-F0B5-4B20-A700-D8A32D35A567}.Debug|Any CPU.ActiveCfg = Debug|Any CPU
		{0921BAE9-F0B5-4B20-A700-D8A32D35A567}.Debug|Any CPU.Build.0 = Debug|Any CPU
		{0921BAE9-F0B5-4B20-A700-D8A32D35A567}.Release|Any CPU.ActiveCfg = Release|Any CPU
		{0921BAE9-F0B5-4B20-A700-D8A32D35A567}.Release|Any CPU.Build.0 = Release|Any CPU
	EndGlobalSection
	GlobalSection(SolutionProperties) = preSolution
		HideSolutionNode = FALSE
	EndGlobalSection
	GlobalSection(ExtensibilityGlobals) = postSolution
		SolutionGuid = {7D751FC4-2CEC-4945-9965-61CAA82DE753}
	EndGlobalSection
EndGlobal
